// !$*UTF8*$!
{
	archiveVersion = 1;
	classes = {
	};
	objectVersion = 50;
	objects = {

/* Begin PBXBuildFile section */
		09DAAC07620ECE42FAB4EA2A /* Pods_SmartAmbulanceUITests.framework in Frameworks */ = {isa = PBXBuildFile; fileRef = 1B682CDEEDE70E90DA2AE24A /* Pods_SmartAmbulanceUITests.framework */; };
		185CD690213E727D00CB3BCF /* SideMenuViewController.swift in Sources */ = {isa = PBXBuildFile; fileRef = 185CD68F213E727D00CB3BCF /* SideMenuViewController.swift */; };
		185CD694213E754E00CB3BCF /* SideMenuCell.swift in Sources */ = {isa = PBXBuildFile; fileRef = 185CD692213E754E00CB3BCF /* SideMenuCell.swift */; };
		185CD695213E754E00CB3BCF /* SideMenuCell.xib in Resources */ = {isa = PBXBuildFile; fileRef = 185CD693213E754E00CB3BCF /* SideMenuCell.xib */; };
		185CD698213E773200CB3BCF /* SideMenu.swift in Sources */ = {isa = PBXBuildFile; fileRef = 185CD697213E773200CB3BCF /* SideMenu.swift */; };
		185CD69B213E79A300CB3BCF /* HeaderSection.swift in Sources */ = {isa = PBXBuildFile; fileRef = 185CD699213E79A300CB3BCF /* HeaderSection.swift */; };
		185CD69C213E79A300CB3BCF /* HeaderSection.xib in Resources */ = {isa = PBXBuildFile; fileRef = 185CD69A213E79A300CB3BCF /* HeaderSection.xib */; };
		1862ED25213D50F500AE56F7 /* GoogleService-Info.plist in Resources */ = {isa = PBXBuildFile; fileRef = 1862ED24213D50F400AE56F7 /* GoogleService-Info.plist */; };
		1862ED28213D6E6700AE56F7 /* Ambulance.swift in Sources */ = {isa = PBXBuildFile; fileRef = 1862ED27213D6E6700AE56F7 /* Ambulance.swift */; };
		1862ED2B213D6EF000AE56F7 /* Constants.swift in Sources */ = {isa = PBXBuildFile; fileRef = 1862ED2A213D6EF000AE56F7 /* Constants.swift */; };
		1862ED2E213D6F8600AE56F7 /* SmartManager.swift in Sources */ = {isa = PBXBuildFile; fileRef = 1862ED2D213D6F8600AE56F7 /* SmartManager.swift */; };
		18726415213D40B000BD7BBE /* AppDelegate.swift in Sources */ = {isa = PBXBuildFile; fileRef = 18726414213D40B000BD7BBE /* AppDelegate.swift */; };
		18726417213D40B000BD7BBE /* ViewController.swift in Sources */ = {isa = PBXBuildFile; fileRef = 18726416213D40B000BD7BBE /* ViewController.swift */; };
		1872641A213D40B000BD7BBE /* Main.storyboard in Resources */ = {isa = PBXBuildFile; fileRef = 18726418213D40B000BD7BBE /* Main.storyboard */; };
		1872641D213D40B000BD7BBE /* SmartAmbulance.xcdatamodeld in Sources */ = {isa = PBXBuildFile; fileRef = 1872641B213D40B000BD7BBE /* SmartAmbulance.xcdatamodeld */; };
		1872641F213D40B100BD7BBE /* Assets.xcassets in Resources */ = {isa = PBXBuildFile; fileRef = 1872641E213D40B100BD7BBE /* Assets.xcassets */; };
		18726422213D40B100BD7BBE /* LaunchScreen.storyboard in Resources */ = {isa = PBXBuildFile; fileRef = 18726420213D40B100BD7BBE /* LaunchScreen.storyboard */; };
		1872642D213D40B100BD7BBE /* SmartAmbulanceTests.swift in Sources */ = {isa = PBXBuildFile; fileRef = 1872642C213D40B100BD7BBE /* SmartAmbulanceTests.swift */; };
		18726438213D40B100BD7BBE /* SmartAmbulanceUITests.swift in Sources */ = {isa = PBXBuildFile; fileRef = 18726437213D40B100BD7BBE /* SmartAmbulanceUITests.swift */; };
		7C35FBD76DBAD29E8BE0B1CA /* Pods_SmartAmbulanceTests.framework in Frameworks */ = {isa = PBXBuildFile; fileRef = 6544F4B02B74DA361465DFA6 /* Pods_SmartAmbulanceTests.framework */; };
		E7B6BBB098D850BC6E320ED2 /* Pods_SmartAmbulance.framework in Frameworks */ = {isa = PBXBuildFile; fileRef = 442E5E386190B722B055167A /* Pods_SmartAmbulance.framework */; };
/* End PBXBuildFile section */

/* Begin PBXContainerItemProxy section */
		18726429213D40B100BD7BBE /* PBXContainerItemProxy */ = {
			isa = PBXContainerItemProxy;
			containerPortal = 18726409213D40B000BD7BBE /* Project object */;
			proxyType = 1;
			remoteGlobalIDString = 18726410213D40B000BD7BBE;
			remoteInfo = SmartAmbulance;
		};
		18726434213D40B100BD7BBE /* PBXContainerItemProxy */ = {
			isa = PBXContainerItemProxy;
			containerPortal = 18726409213D40B000BD7BBE /* Project object */;
			proxyType = 1;
			remoteGlobalIDString = 18726410213D40B000BD7BBE;
			remoteInfo = SmartAmbulance;
		};
/* End PBXContainerItemProxy section */

/* Begin PBXFileReference section */
		185CD68F213E727D00CB3BCF /* SideMenuViewController.swift */ = {isa = PBXFileReference; lastKnownFileType = sourcecode.swift; path = SideMenuViewController.swift; sourceTree = "<group>"; };
		185CD692213E754E00CB3BCF /* SideMenuCell.swift */ = {isa = PBXFileReference; lastKnownFileType = sourcecode.swift; path = SideMenuCell.swift; sourceTree = "<group>"; };
		185CD693213E754E00CB3BCF /* SideMenuCell.xib */ = {isa = PBXFileReference; lastKnownFileType = file.xib; path = SideMenuCell.xib; sourceTree = "<group>"; };
		185CD697213E773200CB3BCF /* SideMenu.swift */ = {isa = PBXFileReference; lastKnownFileType = sourcecode.swift; path = SideMenu.swift; sourceTree = "<group>"; };
		185CD699213E79A300CB3BCF /* HeaderSection.swift */ = {isa = PBXFileReference; lastKnownFileType = sourcecode.swift; path = HeaderSection.swift; sourceTree = "<group>"; };
		185CD69A213E79A300CB3BCF /* HeaderSection.xib */ = {isa = PBXFileReference; lastKnownFileType = file.xib; path = HeaderSection.xib; sourceTree = "<group>"; };
		1862ED24213D50F400AE56F7 /* GoogleService-Info.plist */ = {isa = PBXFileReference; fileEncoding = 4; lastKnownFileType = text.plist.xml; path = "GoogleService-Info.plist"; sourceTree = "<group>"; };
		1862ED27213D6E6700AE56F7 /* Ambulance.swift */ = {isa = PBXFileReference; lastKnownFileType = sourcecode.swift; path = Ambulance.swift; sourceTree = "<group>"; };
		1862ED2A213D6EF000AE56F7 /* Constants.swift */ = {isa = PBXFileReference; lastKnownFileType = sourcecode.swift; path = Constants.swift; sourceTree = "<group>"; };
		1862ED2D213D6F8600AE56F7 /* SmartManager.swift */ = {isa = PBXFileReference; lastKnownFileType = sourcecode.swift; path = SmartManager.swift; sourceTree = "<group>"; };
		18726411213D40B000BD7BBE /* SmartAmbulance.app */ = {isa = PBXFileReference; explicitFileType = wrapper.application; includeInIndex = 0; path = SmartAmbulance.app; sourceTree = BUILT_PRODUCTS_DIR; };
		18726414213D40B000BD7BBE /* AppDelegate.swift */ = {isa = PBXFileReference; lastKnownFileType = sourcecode.swift; path = AppDelegate.swift; sourceTree = "<group>"; };
		18726416213D40B000BD7BBE /* ViewController.swift */ = {isa = PBXFileReference; lastKnownFileType = sourcecode.swift; path = ViewController.swift; sourceTree = "<group>"; };
		18726419213D40B000BD7BBE /* Base */ = {isa = PBXFileReference; lastKnownFileType = file.storyboard; name = Base; path = Base.lproj/Main.storyboard; sourceTree = "<group>"; };
		1872641C213D40B000BD7BBE /* SmartAmbulance.xcdatamodel */ = {isa = PBXFileReference; lastKnownFileType = wrapper.xcdatamodel; path = SmartAmbulance.xcdatamodel; sourceTree = "<group>"; };
		1872641E213D40B100BD7BBE /* Assets.xcassets */ = {isa = PBXFileReference; lastKnownFileType = folder.assetcatalog; path = Assets.xcassets; sourceTree = "<group>"; };
		18726421213D40B100BD7BBE /* Base */ = {isa = PBXFileReference; lastKnownFileType = file.storyboard; name = Base; path = Base.lproj/LaunchScreen.storyboard; sourceTree = "<group>"; };
		18726423213D40B100BD7BBE /* Info.plist */ = {isa = PBXFileReference; lastKnownFileType = text.plist.xml; path = Info.plist; sourceTree = "<group>"; };
		18726428213D40B100BD7BBE /* SmartAmbulanceTests.xctest */ = {isa = PBXFileReference; explicitFileType = wrapper.cfbundle; includeInIndex = 0; path = SmartAmbulanceTests.xctest; sourceTree = BUILT_PRODUCTS_DIR; };
		1872642C213D40B100BD7BBE /* SmartAmbulanceTests.swift */ = {isa = PBXFileReference; lastKnownFileType = sourcecode.swift; path = SmartAmbulanceTests.swift; sourceTree = "<group>"; };
		1872642E213D40B100BD7BBE /* Info.plist */ = {isa = PBXFileReference; lastKnownFileType = text.plist.xml; path = Info.plist; sourceTree = "<group>"; };
		18726433213D40B100BD7BBE /* SmartAmbulanceUITests.xctest */ = {isa = PBXFileReference; explicitFileType = wrapper.cfbundle; includeInIndex = 0; path = SmartAmbulanceUITests.xctest; sourceTree = BUILT_PRODUCTS_DIR; };
		18726437213D40B100BD7BBE /* SmartAmbulanceUITests.swift */ = {isa = PBXFileReference; lastKnownFileType = sourcecode.swift; path = SmartAmbulanceUITests.swift; sourceTree = "<group>"; };
		18726439213D40B100BD7BBE /* Info.plist */ = {isa = PBXFileReference; lastKnownFileType = text.plist.xml; path = Info.plist; sourceTree = "<group>"; };
		1B682CDEEDE70E90DA2AE24A /* Pods_SmartAmbulanceUITests.framework */ = {isa = PBXFileReference; explicitFileType = wrapper.framework; includeInIndex = 0; path = Pods_SmartAmbulanceUITests.framework; sourceTree = BUILT_PRODUCTS_DIR; };
		3AA6071D58EC5B9BA292499F /* Pods-SmartAmbulance.release.xcconfig */ = {isa = PBXFileReference; includeInIndex = 1; lastKnownFileType = text.xcconfig; name = "Pods-SmartAmbulance.release.xcconfig"; path = "Pods/Target Support Files/Pods-SmartAmbulance/Pods-SmartAmbulance.release.xcconfig"; sourceTree = "<group>"; };
		442E5E386190B722B055167A /* Pods_SmartAmbulance.framework */ = {isa = PBXFileReference; explicitFileType = wrapper.framework; includeInIndex = 0; path = Pods_SmartAmbulance.framework; sourceTree = BUILT_PRODUCTS_DIR; };
		6544F4B02B74DA361465DFA6 /* Pods_SmartAmbulanceTests.framework */ = {isa = PBXFileReference; explicitFileType = wrapper.framework; includeInIndex = 0; path = Pods_SmartAmbulanceTests.framework; sourceTree = BUILT_PRODUCTS_DIR; };
		7168D20B2CF05D3921C4DEF1 /* Pods-SmartAmbulance.debug.xcconfig */ = {isa = PBXFileReference; includeInIndex = 1; lastKnownFileType = text.xcconfig; name = "Pods-SmartAmbulance.debug.xcconfig"; path = "Pods/Target Support Files/Pods-SmartAmbulance/Pods-SmartAmbulance.debug.xcconfig"; sourceTree = "<group>"; };
		95560F7E3D1DFBDDF0C83D86 /* Pods-SmartAmbulanceUITests.debug.xcconfig */ = {isa = PBXFileReference; includeInIndex = 1; lastKnownFileType = text.xcconfig; name = "Pods-SmartAmbulanceUITests.debug.xcconfig"; path = "Pods/Target Support Files/Pods-SmartAmbulanceUITests/Pods-SmartAmbulanceUITests.debug.xcconfig"; sourceTree = "<group>"; };
		A5CFCE5C050817F2B1B83552 /* Pods-SmartAmbulanceTests.debug.xcconfig */ = {isa = PBXFileReference; includeInIndex = 1; lastKnownFileType = text.xcconfig; name = "Pods-SmartAmbulanceTests.debug.xcconfig"; path = "Pods/Target Support Files/Pods-SmartAmbulanceTests/Pods-SmartAmbulanceTests.debug.xcconfig"; sourceTree = "<group>"; };
		DF8F4215BB3DC9E99830D3D1 /* Pods-SmartAmbulanceTests.release.xcconfig */ = {isa = PBXFileReference; includeInIndex = 1; lastKnownFileType = text.xcconfig; name = "Pods-SmartAmbulanceTests.release.xcconfig"; path = "Pods/Target Support Files/Pods-SmartAmbulanceTests/Pods-SmartAmbulanceTests.release.xcconfig"; sourceTree = "<group>"; };
		F098A9D404DF9769864BDCFB /* Pods-SmartAmbulanceUITests.release.xcconfig */ = {isa = PBXFileReference; includeInIndex = 1; lastKnownFileType = text.xcconfig; name = "Pods-SmartAmbulanceUITests.release.xcconfig"; path = "Pods/Target Support Files/Pods-SmartAmbulanceUITests/Pods-SmartAmbulanceUITests.release.xcconfig"; sourceTree = "<group>"; };
/* End PBXFileReference section */

/* Begin PBXFrameworksBuildPhase section */
		1872640E213D40B000BD7BBE /* Frameworks */ = {
			isa = PBXFrameworksBuildPhase;
			buildActionMask = 2147483647;
			files = (
				E7B6BBB098D850BC6E320ED2 /* Pods_SmartAmbulance.framework in Frameworks */,
			);
			runOnlyForDeploymentPostprocessing = 0;
		};
		18726425213D40B100BD7BBE /* Frameworks */ = {
			isa = PBXFrameworksBuildPhase;
			buildActionMask = 2147483647;
			files = (
				7C35FBD76DBAD29E8BE0B1CA /* Pods_SmartAmbulanceTests.framework in Frameworks */,
			);
			runOnlyForDeploymentPostprocessing = 0;
		};
		18726430213D40B100BD7BBE /* Frameworks */ = {
			isa = PBXFrameworksBuildPhase;
			buildActionMask = 2147483647;
			files = (
				09DAAC07620ECE42FAB4EA2A /* Pods_SmartAmbulanceUITests.framework in Frameworks */,
			);
			runOnlyForDeploymentPostprocessing = 0;
		};
/* End PBXFrameworksBuildPhase section */

/* Begin PBXGroup section */
		185CD68E213E714100CB3BCF /* ViewControllers */ = {
			isa = PBXGroup;
			children = (
				185CD696213E771D00CB3BCF /* Structs */,
				185CD691213E752100CB3BCF /* tableViewCells */,
				18726416213D40B000BD7BBE /* ViewController.swift */,
				185CD68F213E727D00CB3BCF /* SideMenuViewController.swift */,
			);
			path = ViewControllers;
			sourceTree = "<group>";
		};
		185CD691213E752100CB3BCF /* tableViewCells */ = {
			isa = PBXGroup;
			children = (
				185CD692213E754E00CB3BCF /* SideMenuCell.swift */,
				185CD693213E754E00CB3BCF /* SideMenuCell.xib */,
				185CD699213E79A300CB3BCF /* HeaderSection.swift */,
				185CD69A213E79A300CB3BCF /* HeaderSection.xib */,
			);
			path = tableViewCells;
			sourceTree = "<group>";
		};
		185CD696213E771D00CB3BCF /* Structs */ = {
			isa = PBXGroup;
			children = (
				185CD697213E773200CB3BCF /* SideMenu.swift */,
			);
			path = Structs;
			sourceTree = "<group>";
		};
		1862ED26213D6E4D00AE56F7 /* Models */ = {
			isa = PBXGroup;
			children = (
				1862ED27213D6E6700AE56F7 /* Ambulance.swift */,
			);
			path = Models;
			sourceTree = "<group>";
		};
		1862ED29213D6ED400AE56F7 /* Constants */ = {
			isa = PBXGroup;
			children = (
				1862ED2A213D6EF000AE56F7 /* Constants.swift */,
			);
			path = Constants;
			sourceTree = "<group>";
		};
		1862ED2C213D6F7200AE56F7 /* Manager */ = {
			isa = PBXGroup;
			children = (
				1862ED2D213D6F8600AE56F7 /* SmartManager.swift */,
			);
			path = Manager;
			sourceTree = "<group>";
		};
		18726408213D40B000BD7BBE = {
			isa = PBXGroup;
			children = (
				18726413213D40B000BD7BBE /* SmartAmbulance */,
				1872642B213D40B100BD7BBE /* SmartAmbulanceTests */,
				18726436213D40B100BD7BBE /* SmartAmbulanceUITests */,
				18726412213D40B000BD7BBE /* Products */,
				3397577D98589FF1184607FA /* Pods */,
				93036ACA1BBBE75D536FBCB1 /* Frameworks */,
			);
			sourceTree = "<group>";
		};
		18726412213D40B000BD7BBE /* Products */ = {
			isa = PBXGroup;
			children = (
				18726411213D40B000BD7BBE /* SmartAmbulance.app */,
				18726428213D40B100BD7BBE /* SmartAmbulanceTests.xctest */,
				18726433213D40B100BD7BBE /* SmartAmbulanceUITests.xctest */,
			);
			name = Products;
			sourceTree = "<group>";
		};
		18726413213D40B000BD7BBE /* SmartAmbulance */ = {
			isa = PBXGroup;
			children = (
				185CD68E213E714100CB3BCF /* ViewControllers */,
				1862ED2C213D6F7200AE56F7 /* Manager */,
				1862ED29213D6ED400AE56F7 /* Constants */,
				1862ED26213D6E4D00AE56F7 /* Models */,
				18726414213D40B000BD7BBE /* AppDelegate.swift */,
				18726418213D40B000BD7BBE /* Main.storyboard */,
				1872641E213D40B100BD7BBE /* Assets.xcassets */,
				18726420213D40B100BD7BBE /* LaunchScreen.storyboard */,
				18726423213D40B100BD7BBE /* Info.plist */,
				1862ED24213D50F400AE56F7 /* GoogleService-Info.plist */,
				1872641B213D40B000BD7BBE /* SmartAmbulance.xcdatamodeld */,
			);
			path = SmartAmbulance;
			sourceTree = "<group>";
		};
		1872642B213D40B100BD7BBE /* SmartAmbulanceTests */ = {
			isa = PBXGroup;
			children = (
				1872642C213D40B100BD7BBE /* SmartAmbulanceTests.swift */,
				1872642E213D40B100BD7BBE /* Info.plist */,
			);
			path = SmartAmbulanceTests;
			sourceTree = "<group>";
		};
		18726436213D40B100BD7BBE /* SmartAmbulanceUITests */ = {
			isa = PBXGroup;
			children = (
				18726437213D40B100BD7BBE /* SmartAmbulanceUITests.swift */,
				18726439213D40B100BD7BBE /* Info.plist */,
			);
			path = SmartAmbulanceUITests;
			sourceTree = "<group>";
		};
		3397577D98589FF1184607FA /* Pods */ = {
			isa = PBXGroup;
			children = (
				7168D20B2CF05D3921C4DEF1 /* Pods-SmartAmbulance.debug.xcconfig */,
				3AA6071D58EC5B9BA292499F /* Pods-SmartAmbulance.release.xcconfig */,
				A5CFCE5C050817F2B1B83552 /* Pods-SmartAmbulanceTests.debug.xcconfig */,
				DF8F4215BB3DC9E99830D3D1 /* Pods-SmartAmbulanceTests.release.xcconfig */,
				95560F7E3D1DFBDDF0C83D86 /* Pods-SmartAmbulanceUITests.debug.xcconfig */,
				F098A9D404DF9769864BDCFB /* Pods-SmartAmbulanceUITests.release.xcconfig */,
			);
			name = Pods;
			sourceTree = "<group>";
		};
		93036ACA1BBBE75D536FBCB1 /* Frameworks */ = {
			isa = PBXGroup;
			children = (
				442E5E386190B722B055167A /* Pods_SmartAmbulance.framework */,
				6544F4B02B74DA361465DFA6 /* Pods_SmartAmbulanceTests.framework */,
				1B682CDEEDE70E90DA2AE24A /* Pods_SmartAmbulanceUITests.framework */,
			);
			name = Frameworks;
			sourceTree = "<group>";
		};
/* End PBXGroup section */

/* Begin PBXNativeTarget section */
		18726410213D40B000BD7BBE /* SmartAmbulance */ = {
			isa = PBXNativeTarget;
			buildConfigurationList = 1872643C213D40B100BD7BBE /* Build configuration list for PBXNativeTarget "SmartAmbulance" */;
			buildPhases = (
				9DED0B14D96A4C005E6E5D30 /* [CP] Check Pods Manifest.lock */,
				1872640D213D40B000BD7BBE /* Sources */,
				1872640E213D40B000BD7BBE /* Frameworks */,
				1872640F213D40B000BD7BBE /* Resources */,
				3291B90898BC103AE2E82973 /* [CP] Embed Pods Frameworks */,
				52AE85112240E059F7C1A74F /* [CP] Copy Pods Resources */,
			);
			buildRules = (
			);
			dependencies = (
			);
			name = SmartAmbulance;
			productName = SmartAmbulance;
			productReference = 18726411213D40B000BD7BBE /* SmartAmbulance.app */;
			productType = "com.apple.product-type.application";
		};
		18726427213D40B100BD7BBE /* SmartAmbulanceTests */ = {
			isa = PBXNativeTarget;
			buildConfigurationList = 1872643F213D40B100BD7BBE /* Build configuration list for PBXNativeTarget "SmartAmbulanceTests" */;
			buildPhases = (
				1DC97FE05C091BC7DD8DCFDB /* [CP] Check Pods Manifest.lock */,
				18726424213D40B100BD7BBE /* Sources */,
				18726425213D40B100BD7BBE /* Frameworks */,
				18726426213D40B100BD7BBE /* Resources */,
			);
			buildRules = (
			);
			dependencies = (
				1872642A213D40B100BD7BBE /* PBXTargetDependency */,
			);
			name = SmartAmbulanceTests;
			productName = SmartAmbulanceTests;
			productReference = 18726428213D40B100BD7BBE /* SmartAmbulanceTests.xctest */;
			productType = "com.apple.product-type.bundle.unit-test";
		};
		18726432213D40B100BD7BBE /* SmartAmbulanceUITests */ = {
			isa = PBXNativeTarget;
			buildConfigurationList = 18726442213D40B100BD7BBE /* Build configuration list for PBXNativeTarget "SmartAmbulanceUITests" */;
			buildPhases = (
				8BEE39FF9848C7C12BFCF909 /* [CP] Check Pods Manifest.lock */,
				1872642F213D40B100BD7BBE /* Sources */,
				18726430213D40B100BD7BBE /* Frameworks */,
				18726431213D40B100BD7BBE /* Resources */,
			);
			buildRules = (
			);
			dependencies = (
				18726435213D40B100BD7BBE /* PBXTargetDependency */,
			);
			name = SmartAmbulanceUITests;
			productName = SmartAmbulanceUITests;
			productReference = 18726433213D40B100BD7BBE /* SmartAmbulanceUITests.xctest */;
			productType = "com.apple.product-type.bundle.ui-testing";
		};
/* End PBXNativeTarget section */

/* Begin PBXProject section */
		18726409213D40B000BD7BBE /* Project object */ = {
			isa = PBXProject;
			attributes = {
				LastSwiftUpdateCheck = 0940;
				LastUpgradeCheck = 0940;
				ORGANIZATIONNAME = SmartAmbulance;
				TargetAttributes = {
					18726410213D40B000BD7BBE = {
						CreatedOnToolsVersion = 9.4.1;
					};
					18726427213D40B100BD7BBE = {
						CreatedOnToolsVersion = 9.4.1;
						TestTargetID = 18726410213D40B000BD7BBE;
					};
					18726432213D40B100BD7BBE = {
						CreatedOnToolsVersion = 9.4.1;
						TestTargetID = 18726410213D40B000BD7BBE;
					};
				};
			};
			buildConfigurationList = 1872640C213D40B000BD7BBE /* Build configuration list for PBXProject "SmartAmbulance" */;
			compatibilityVersion = "Xcode 9.3";
			developmentRegion = en;
			hasScannedForEncodings = 0;
			knownRegions = (
				en,
				Base,
			);
			mainGroup = 18726408213D40B000BD7BBE;
			productRefGroup = 18726412213D40B000BD7BBE /* Products */;
			projectDirPath = "";
			projectRoot = "";
			targets = (
				18726410213D40B000BD7BBE /* SmartAmbulance */,
				18726427213D40B100BD7BBE /* SmartAmbulanceTests */,
				18726432213D40B100BD7BBE /* SmartAmbulanceUITests */,
			);
		};
/* End PBXProject section */

/* Begin PBXResourcesBuildPhase section */
		1872640F213D40B000BD7BBE /* Resources */ = {
			isa = PBXResourcesBuildPhase;
			buildActionMask = 2147483647;
			files = (
				18726422213D40B100BD7BBE /* LaunchScreen.storyboard in Resources */,
				1862ED25213D50F500AE56F7 /* GoogleService-Info.plist in Resources */,
				1872641F213D40B100BD7BBE /* Assets.xcassets in Resources */,
				185CD695213E754E00CB3BCF /* SideMenuCell.xib in Resources */,
				185CD69C213E79A300CB3BCF /* HeaderSection.xib in Resources */,
				1872641A213D40B000BD7BBE /* Main.storyboard in Resources */,
			);
			runOnlyForDeploymentPostprocessing = 0;
		};
		18726426213D40B100BD7BBE /* Resources */ = {
			isa = PBXResourcesBuildPhase;
			buildActionMask = 2147483647;
			files = (
			);
			runOnlyForDeploymentPostprocessing = 0;
		};
		18726431213D40B100BD7BBE /* Resources */ = {
			isa = PBXResourcesBuildPhase;
			buildActionMask = 2147483647;
			files = (
			);
			runOnlyForDeploymentPostprocessing = 0;
		};
/* End PBXResourcesBuildPhase section */

/* Begin PBXShellScriptBuildPhase section */
		1DC97FE05C091BC7DD8DCFDB /* [CP] Check Pods Manifest.lock */ = {
			isa = PBXShellScriptBuildPhase;
			buildActionMask = 2147483647;
			files = (
			);
			inputPaths = (
				"${PODS_PODFILE_DIR_PATH}/Podfile.lock",
				"${PODS_ROOT}/Manifest.lock",
			);
			name = "[CP] Check Pods Manifest.lock";
			outputPaths = (
				"$(DERIVED_FILE_DIR)/Pods-SmartAmbulanceTests-checkManifestLockResult.txt",
			);
			runOnlyForDeploymentPostprocessing = 0;
			shellPath = /bin/sh;
			shellScript = "diff \"${PODS_PODFILE_DIR_PATH}/Podfile.lock\" \"${PODS_ROOT}/Manifest.lock\" > /dev/null\nif [ $? != 0 ] ; then\n    # print error to STDERR\n    echo \"error: The sandbox is not in sync with the Podfile.lock. Run 'pod install' or update your CocoaPods installation.\" >&2\n    exit 1\nfi\n# This output is used by Xcode 'outputs' to avoid re-running this script phase.\necho \"SUCCESS\" > \"${SCRIPT_OUTPUT_FILE_0}\"\n";
			showEnvVarsInLog = 0;
		};
		3291B90898BC103AE2E82973 /* [CP] Embed Pods Frameworks */ = {
			isa = PBXShellScriptBuildPhase;
			buildActionMask = 2147483647;
			files = (
			);
			inputPaths = (
				"${SRCROOT}/Pods/Target Support Files/Pods-SmartAmbulance/Pods-SmartAmbulance-frameworks.sh",
				"${BUILT_PRODUCTS_DIR}/Alamofire/Alamofire.framework",
				"${BUILT_PRODUCTS_DIR}/GoogleUtilities/GoogleUtilities.framework",
				"${BUILT_PRODUCTS_DIR}/IQKeyboardManager/IQKeyboardManager.framework",
				"${BUILT_PRODUCTS_DIR}/Kingfisher/Kingfisher.framework",
				"${BUILT_PRODUCTS_DIR}/MBProgressHUD/MBProgressHUD.framework",
				"${BUILT_PRODUCTS_DIR}/SnapKit/SnapKit.framework",
				"${BUILT_PRODUCTS_DIR}/SwiftyJSON/SwiftyJSON.framework",
				"${BUILT_PRODUCTS_DIR}/leveldb-library/leveldb.framework",
				"${BUILT_PRODUCTS_DIR}/nanopb/nanopb.framework",
			);
			name = "[CP] Embed Pods Frameworks";
			outputPaths = (
				"${TARGET_BUILD_DIR}/${FRAMEWORKS_FOLDER_PATH}/Alamofire.framework",
				"${TARGET_BUILD_DIR}/${FRAMEWORKS_FOLDER_PATH}/GoogleUtilities.framework",
				"${TARGET_BUILD_DIR}/${FRAMEWORKS_FOLDER_PATH}/IQKeyboardManager.framework",
				"${TARGET_BUILD_DIR}/${FRAMEWORKS_FOLDER_PATH}/Kingfisher.framework",
				"${TARGET_BUILD_DIR}/${FRAMEWORKS_FOLDER_PATH}/MBProgressHUD.framework",
				"${TARGET_BUILD_DIR}/${FRAMEWORKS_FOLDER_PATH}/SnapKit.framework",
				"${TARGET_BUILD_DIR}/${FRAMEWORKS_FOLDER_PATH}/SwiftyJSON.framework",
				"${TARGET_BUILD_DIR}/${FRAMEWORKS_FOLDER_PATH}/leveldb.framework",
				"${TARGET_BUILD_DIR}/${FRAMEWORKS_FOLDER_PATH}/nanopb.framework",
			);
			runOnlyForDeploymentPostprocessing = 0;
			shellPath = /bin/sh;
			shellScript = "\"${SRCROOT}/Pods/Target Support Files/Pods-SmartAmbulance/Pods-SmartAmbulance-frameworks.sh\"\n";
			showEnvVarsInLog = 0;
		};
		52AE85112240E059F7C1A74F /* [CP] Copy Pods Resources */ = {
			isa = PBXShellScriptBuildPhase;
			buildActionMask = 2147483647;
			files = (
			);
			inputPaths = (
				"${SRCROOT}/Pods/Target Support Files/Pods-SmartAmbulance/Pods-SmartAmbulance-resources.sh",
				"${PODS_ROOT}/GoogleMaps/Maps/Frameworks/GoogleMaps.framework/Resources/GoogleMaps.bundle",
				"${PODS_ROOT}/GooglePlaces/Frameworks/GooglePlaces.framework/Resources/GooglePlaces.bundle",
			);
			name = "[CP] Copy Pods Resources";
			outputPaths = (
				"${TARGET_BUILD_DIR}/${UNLOCALIZED_RESOURCES_FOLDER_PATH}/GoogleMaps.bundle",
				"${TARGET_BUILD_DIR}/${UNLOCALIZED_RESOURCES_FOLDER_PATH}/GooglePlaces.bundle",
			);
			runOnlyForDeploymentPostprocessing = 0;
			shellPath = /bin/sh;
			shellScript = "\"${SRCROOT}/Pods/Target Support Files/Pods-SmartAmbulance/Pods-SmartAmbulance-resources.sh\"\n";
			showEnvVarsInLog = 0;
		};
		8BEE39FF9848C7C12BFCF909 /* [CP] Check Pods Manifest.lock */ = {
			isa = PBXShellScriptBuildPhase;
			buildActionMask = 2147483647;
			files = (
			);
			inputPaths = (
				"${PODS_PODFILE_DIR_PATH}/Podfile.lock",
				"${PODS_ROOT}/Manifest.lock",
			);
			name = "[CP] Check Pods Manifest.lock";
			outputPaths = (
				"$(DERIVED_FILE_DIR)/Pods-SmartAmbulanceUITests-checkManifestLockResult.txt",
			);
			runOnlyForDeploymentPostprocessing = 0;
			shellPath = /bin/sh;
			shellScript = "diff \"${PODS_PODFILE_DIR_PATH}/Podfile.lock\" \"${PODS_ROOT}/Manifest.lock\" > /dev/null\nif [ $? != 0 ] ; then\n    # print error to STDERR\n    echo \"error: The sandbox is not in sync with the Podfile.lock. Run 'pod install' or update your CocoaPods installation.\" >&2\n    exit 1\nfi\n# This output is used by Xcode 'outputs' to avoid re-running this script phase.\necho \"SUCCESS\" > \"${SCRIPT_OUTPUT_FILE_0}\"\n";
			showEnvVarsInLog = 0;
		};
		9DED0B14D96A4C005E6E5D30 /* [CP] Check Pods Manifest.lock */ = {
			isa = PBXShellScriptBuildPhase;
			buildActionMask = 2147483647;
			files = (
			);
			inputPaths = (
				"${PODS_PODFILE_DIR_PATH}/Podfile.lock",
				"${PODS_ROOT}/Manifest.lock",
			);
			name = "[CP] Check Pods Manifest.lock";
			outputPaths = (
				"$(DERIVED_FILE_DIR)/Pods-SmartAmbulance-checkManifestLockResult.txt",
			);
			runOnlyForDeploymentPostprocessing = 0;
			shellPath = /bin/sh;
			shellScript = "diff \"${PODS_PODFILE_DIR_PATH}/Podfile.lock\" \"${PODS_ROOT}/Manifest.lock\" > /dev/null\nif [ $? != 0 ] ; then\n    # print error to STDERR\n    echo \"error: The sandbox is not in sync with the Podfile.lock. Run 'pod install' or update your CocoaPods installation.\" >&2\n    exit 1\nfi\n# This output is used by Xcode 'outputs' to avoid re-running this script phase.\necho \"SUCCESS\" > \"${SCRIPT_OUTPUT_FILE_0}\"\n";
			showEnvVarsInLog = 0;
		};
/* End PBXShellScriptBuildPhase section */

/* Begin PBXSourcesBuildPhase section */
		1872640D213D40B000BD7BBE /* Sources */ = {
			isa = PBXSourcesBuildPhase;
			buildActionMask = 2147483647;
			files = (
				185CD69B213E79A300CB3BCF /* HeaderSection.swift in Sources */,
				1862ED2B213D6EF000AE56F7 /* Constants.swift in Sources */,
				1862ED2E213D6F8600AE56F7 /* SmartManager.swift in Sources */,
				18726417213D40B000BD7BBE /* ViewController.swift in Sources */,
				185CD698213E773200CB3BCF /* SideMenu.swift in Sources */,
				18726415213D40B000BD7BBE /* AppDelegate.swift in Sources */,
				185CD690213E727D00CB3BCF /* SideMenuViewController.swift in Sources */,
				1862ED28213D6E6700AE56F7 /* Ambulance.swift in Sources */,
				1872641D213D40B000BD7BBE /* SmartAmbulance.xcdatamodeld in Sources */,
				185CD694213E754E00CB3BCF /* SideMenuCell.swift in Sources */,
			);
			runOnlyForDeploymentPostprocessing = 0;
		};
		18726424213D40B100BD7BBE /* Sources */ = {
			isa = PBXSourcesBuildPhase;
			buildActionMask = 2147483647;
			files = (
				1872642D213D40B100BD7BBE /* SmartAmbulanceTests.swift in Sources */,
			);
			runOnlyForDeploymentPostprocessing = 0;
		};
		1872642F213D40B100BD7BBE /* Sources */ = {
			isa = PBXSourcesBuildPhase;
			buildActionMask = 2147483647;
			files = (
				18726438213D40B100BD7BBE /* SmartAmbulanceUITests.swift in Sources */,
			);
			runOnlyForDeploymentPostprocessing = 0;
		};
/* End PBXSourcesBuildPhase section */

/* Begin PBXTargetDependency section */
		1872642A213D40B100BD7BBE /* PBXTargetDependency */ = {
			isa = PBXTargetDependency;
			target = 18726410213D40B000BD7BBE /* SmartAmbulance */;
			targetProxy = 18726429213D40B100BD7BBE /* PBXContainerItemProxy */;
		};
		18726435213D40B100BD7BBE /* PBXTargetDependency */ = {
			isa = PBXTargetDependency;
			target = 18726410213D40B000BD7BBE /* SmartAmbulance */;
			targetProxy = 18726434213D40B100BD7BBE /* PBXContainerItemProxy */;
		};
/* End PBXTargetDependency section */

/* Begin PBXVariantGroup section */
		18726418213D40B000BD7BBE /* Main.storyboard */ = {
			isa = PBXVariantGroup;
			children = (
				18726419213D40B000BD7BBE /* Base */,
			);
			name = Main.storyboard;
			sourceTree = "<group>";
		};
		18726420213D40B100BD7BBE /* LaunchScreen.storyboard */ = {
			isa = PBXVariantGroup;
			children = (
				18726421213D40B100BD7BBE /* Base */,
			);
			name = LaunchScreen.storyboard;
			sourceTree = "<group>";
		};
/* End PBXVariantGroup section */

/* Begin XCBuildConfiguration section */
		1872643A213D40B100BD7BBE /* Debug */ = {
			isa = XCBuildConfiguration;
			buildSettings = {
				ALWAYS_SEARCH_USER_PATHS = NO;
				CLANG_ANALYZER_NONNULL = YES;
				CLANG_ANALYZER_NUMBER_OBJECT_CONVERSION = YES_AGGRESSIVE;
				CLANG_CXX_LANGUAGE_STANDARD = "gnu++14";
				CLANG_CXX_LIBRARY = "libc++";
				CLANG_ENABLE_MODULES = YES;
				CLANG_ENABLE_OBJC_ARC = YES;
				CLANG_ENABLE_OBJC_WEAK = YES;
				CLANG_WARN_BLOCK_CAPTURE_AUTORELEASING = YES;
				CLANG_WARN_BOOL_CONVERSION = YES;
				CLANG_WARN_COMMA = YES;
				CLANG_WARN_CONSTANT_CONVERSION = YES;
				CLANG_WARN_DEPRECATED_OBJC_IMPLEMENTATIONS = YES;
				CLANG_WARN_DIRECT_OBJC_ISA_USAGE = YES_ERROR;
				CLANG_WARN_DOCUMENTATION_COMMENTS = YES;
				CLANG_WARN_EMPTY_BODY = YES;
				CLANG_WARN_ENUM_CONVERSION = YES;
				CLANG_WARN_INFINITE_RECURSION = YES;
				CLANG_WARN_INT_CONVERSION = YES;
				CLANG_WARN_NON_LITERAL_NULL_CONVERSION = YES;
				CLANG_WARN_OBJC_IMPLICIT_RETAIN_SELF = YES;
				CLANG_WARN_OBJC_LITERAL_CONVERSION = YES;
				CLANG_WARN_OBJC_ROOT_CLASS = YES_ERROR;
				CLANG_WARN_RANGE_LOOP_ANALYSIS = YES;
				CLANG_WARN_STRICT_PROTOTYPES = YES;
				CLANG_WARN_SUSPICIOUS_MOVE = YES;
				CLANG_WARN_UNGUARDED_AVAILABILITY = YES_AGGRESSIVE;
				CLANG_WARN_UNREACHABLE_CODE = YES;
				CLANG_WARN__DUPLICATE_METHOD_MATCH = YES;
				CODE_SIGN_IDENTITY = "iPhone Developer";
				COPY_PHASE_STRIP = NO;
				DEBUG_INFORMATION_FORMAT = dwarf;
				ENABLE_STRICT_OBJC_MSGSEND = YES;
				ENABLE_TESTABILITY = YES;
				GCC_C_LANGUAGE_STANDARD = gnu11;
				GCC_DYNAMIC_NO_PIC = NO;
				GCC_NO_COMMON_BLOCKS = YES;
				GCC_OPTIMIZATION_LEVEL = 0;
				GCC_PREPROCESSOR_DEFINITIONS = (
					"DEBUG=1",
					"$(inherited)",
				);
				GCC_WARN_64_TO_32_BIT_CONVERSION = YES;
				GCC_WARN_ABOUT_RETURN_TYPE = YES_ERROR;
				GCC_WARN_UNDECLARED_SELECTOR = YES;
				GCC_WARN_UNINITIALIZED_AUTOS = YES_AGGRESSIVE;
				GCC_WARN_UNUSED_FUNCTION = YES;
				GCC_WARN_UNUSED_VARIABLE = YES;
				IPHONEOS_DEPLOYMENT_TARGET = 11.4;
				MTL_ENABLE_DEBUG_INFO = YES;
				ONLY_ACTIVE_ARCH = YES;
				SDKROOT = iphoneos;
				SWIFT_ACTIVE_COMPILATION_CONDITIONS = DEBUG;
				SWIFT_OPTIMIZATION_LEVEL = "-Onone";
			};
			name = Debug;
		};
		1872643B213D40B100BD7BBE /* Release */ = {
			isa = XCBuildConfiguration;
			buildSettings = {
				ALWAYS_SEARCH_USER_PATHS = NO;
				CLANG_ANALYZER_NONNULL = YES;
				CLANG_ANALYZER_NUMBER_OBJECT_CONVERSION = YES_AGGRESSIVE;
				CLANG_CXX_LANGUAGE_STANDARD = "gnu++14";
				CLANG_CXX_LIBRARY = "libc++";
				CLANG_ENABLE_MODULES = YES;
				CLANG_ENABLE_OBJC_ARC = YES;
				CLANG_ENABLE_OBJC_WEAK = YES;
				CLANG_WARN_BLOCK_CAPTURE_AUTORELEASING = YES;
				CLANG_WARN_BOOL_CONVERSION = YES;
				CLANG_WARN_COMMA = YES;
				CLANG_WARN_CONSTANT_CONVERSION = YES;
				CLANG_WARN_DEPRECATED_OBJC_IMPLEMENTATIONS = YES;
				CLANG_WARN_DIRECT_OBJC_ISA_USAGE = YES_ERROR;
				CLANG_WARN_DOCUMENTATION_COMMENTS = YES;
				CLANG_WARN_EMPTY_BODY = YES;
				CLANG_WARN_ENUM_CONVERSION = YES;
				CLANG_WARN_INFINITE_RECURSION = YES;
				CLANG_WARN_INT_CONVERSION = YES;
				CLANG_WARN_NON_LITERAL_NULL_CONVERSION = YES;
				CLANG_WARN_OBJC_IMPLICIT_RETAIN_SELF = YES;
				CLANG_WARN_OBJC_LITERAL_CONVERSION = YES;
				CLANG_WARN_OBJC_ROOT_CLASS = YES_ERROR;
				CLANG_WARN_RANGE_LOOP_ANALYSIS = YES;
				CLANG_WARN_STRICT_PROTOTYPES = YES;
				CLANG_WARN_SUSPICIOUS_MOVE = YES;
				CLANG_WARN_UNGUARDED_AVAILABILITY = YES_AGGRESSIVE;
				CLANG_WARN_UNREACHABLE_CODE = YES;
				CLANG_WARN__DUPLICATE_METHOD_MATCH = YES;
				CODE_SIGN_IDENTITY = "iPhone Developer";
				COPY_PHASE_STRIP = NO;
				DEBUG_INFORMATION_FORMAT = "dwarf-with-dsym";
				ENABLE_NS_ASSERTIONS = NO;
				ENABLE_STRICT_OBJC_MSGSEND = YES;
				GCC_C_LANGUAGE_STANDARD = gnu11;
				GCC_NO_COMMON_BLOCKS = YES;
				GCC_WARN_64_TO_32_BIT_CONVERSION = YES;
				GCC_WARN_ABOUT_RETURN_TYPE = YES_ERROR;
				GCC_WARN_UNDECLARED_SELECTOR = YES;
				GCC_WARN_UNINITIALIZED_AUTOS = YES_AGGRESSIVE;
				GCC_WARN_UNUSED_FUNCTION = YES;
				GCC_WARN_UNUSED_VARIABLE = YES;
				IPHONEOS_DEPLOYMENT_TARGET = 11.4;
				MTL_ENABLE_DEBUG_INFO = NO;
				SDKROOT = iphoneos;
				SWIFT_COMPILATION_MODE = wholemodule;
				SWIFT_OPTIMIZATION_LEVEL = "-O";
				VALIDATE_PRODUCT = YES;
			};
			name = Release;
		};
		1872643D213D40B100BD7BBE /* Debug */ = {
			isa = XCBuildConfiguration;
			baseConfigurationReference = 7168D20B2CF05D3921C4DEF1 /* Pods-SmartAmbulance.debug.xcconfig */;
			buildSettings = {
				ASSETCATALOG_COMPILER_APPICON_NAME = AppIcon;
				CODE_SIGN_STYLE = Automatic;
				DEVELOPMENT_TEAM = VSS9T994V4;
				INFOPLIST_FILE = SmartAmbulance/Info.plist;
				IPHONEOS_DEPLOYMENT_TARGET = 10.0;
				LD_RUNPATH_SEARCH_PATHS = (
					"$(inherited)",
					"@executable_path/Frameworks",
				);
				PRODUCT_BUNDLE_IDENTIFIER = com.smart.SmartAmbulance;
				PRODUCT_NAME = "$(TARGET_NAME)";
				SWIFT_VERSION = 4.0;
				TARGETED_DEVICE_FAMILY = "1,2";
			};
			name = Debug;
		};
		1872643E213D40B100BD7BBE /* Release */ = {
			isa = XCBuildConfiguration;
			baseConfigurationReference = 3AA6071D58EC5B9BA292499F /* Pods-SmartAmbulance.release.xcconfig */;
			buildSettings = {
				ASSETCATALOG_COMPILER_APPICON_NAME = AppIcon;
				CODE_SIGN_STYLE = Automatic;
				DEVELOPMENT_TEAM = VSS9T994V4;
				INFOPLIST_FILE = SmartAmbulance/Info.plist;
				IPHONEOS_DEPLOYMENT_TARGET = 10.0;
				LD_RUNPATH_SEARCH_PATHS = (
					"$(inherited)",
					"@executable_path/Frameworks",
				);
				PRODUCT_BUNDLE_IDENTIFIER = com.smart.SmartAmbulance;
				PRODUCT_NAME = "$(TARGET_NAME)";
				SWIFT_VERSION = 4.0;
				TARGETED_DEVICE_FAMILY = "1,2";
			};
			name = Release;
		};
		18726440213D40B100BD7BBE /* Debug */ = {
			isa = XCBuildConfiguration;
			baseConfigurationReference = A5CFCE5C050817F2B1B83552 /* Pods-SmartAmbulanceTests.debug.xcconfig */;
			buildSettings = {
				ALWAYS_EMBED_SWIFT_STANDARD_LIBRARIES = YES;
				BUNDLE_LOADER = "$(TEST_HOST)";
				CODE_SIGN_STYLE = Automatic;
				DEVELOPMENT_TEAM = VSS9T994V4;
				INFOPLIST_FILE = SmartAmbulanceTests/Info.plist;
				LD_RUNPATH_SEARCH_PATHS = (
					"$(inherited)",
					"@executable_path/Frameworks",
					"@loader_path/Frameworks",
				);
				PRODUCT_BUNDLE_IDENTIFIER = com.smart.SmartAmbulanceTests;
				PRODUCT_NAME = "$(TARGET_NAME)";
				SWIFT_VERSION = 4.0;
				TARGETED_DEVICE_FAMILY = "1,2";
				TEST_HOST = "$(BUILT_PRODUCTS_DIR)/SmartAmbulance.app/SmartAmbulance";
			};
			name = Debug;
		};
		18726441213D40B100BD7BBE /* Release */ = {
			isa = XCBuildConfiguration;
			baseConfigurationReference = DF8F4215BB3DC9E99830D3D1 /* Pods-SmartAmbulanceTests.release.xcconfig */;
			buildSettings = {
				ALWAYS_EMBED_SWIFT_STANDARD_LIBRARIES = YES;
				BUNDLE_LOADER = "$(TEST_HOST)";
				CODE_SIGN_STYLE = Automatic;
				DEVELOPMENT_TEAM = VSS9T994V4;
				INFOPLIST_FILE = SmartAmbulanceTests/Info.plist;
				LD_RUNPATH_SEARCH_PATHS = (
					"$(inherited)",
					"@executable_path/Frameworks",
					"@loader_path/Frameworks",
				);
				PRODUCT_BUNDLE_IDENTIFIER = com.smart.SmartAmbulanceTests;
				PRODUCT_NAME = "$(TARGET_NAME)";
				SWIFT_VERSION = 4.0;
				TARGETED_DEVICE_FAMILY = "1,2";
				TEST_HOST = "$(BUILT_PRODUCTS_DIR)/SmartAmbulance.app/SmartAmbulance";
			};
			name = Release;
		};
		18726443213D40B100BD7BBE /* Debug */ = {
			isa = XCBuildConfiguration;
			baseConfigurationReference = 95560F7E3D1DFBDDF0C83D86 /* Pods-SmartAmbulanceUITests.debug.xcconfig */;
			buildSettings = {
				ALWAYS_EMBED_SWIFT_STANDARD_LIBRARIES = YES;
				CODE_SIGN_STYLE = Automatic;
				DEVELOPMENT_TEAM = VSS9T994V4;
				INFOPLIST_FILE = SmartAmbulanceUITests/Info.plist;
				LD_RUNPATH_SEARCH_PATHS = (
					"$(inherited)",
					"@executable_path/Frameworks",
					"@loader_path/Frameworks",
				);
				PRODUCT_BUNDLE_IDENTIFIER = com.smart.SmartAmbulanceUITests;
				PRODUCT_NAME = "$(TARGET_NAME)";
				SWIFT_VERSION = 4.0;
				TARGETED_DEVICE_FAMILY = "1,2";
				TEST_TARGET_NAME = SmartAmbulance;
			};
			name = Debug;
		};
		18726444213D40B100BD7BBE /* Release */ = {
			isa = XCBuildConfiguration;
			baseConfigurationReference = F098A9D404DF9769864BDCFB /* Pods-SmartAmbulanceUITests.release.xcconfig */;
			buildSettings = {
				ALWAYS_EMBED_SWIFT_STANDARD_LIBRARIES = YES;
				CODE_SIGN_STYLE = Automatic;
				DEVELOPMENT_TEAM = VSS9T994V4;
				INFOPLIST_FILE = SmartAmbulanceUITests/Info.plist;
				LD_RUNPATH_SEARCH_PATHS = (
					"$(inherited)",
					"@executable_path/Frameworks",
					"@loader_path/Frameworks",
				);
				PRODUCT_BUNDLE_IDENTIFIER = com.smart.SmartAmbulanceUITests;
				PRODUCT_NAME = "$(TARGET_NAME)";
				SWIFT_VERSION = 4.0;
				TARGETED_DEVICE_FAMILY = "1,2";
				TEST_TARGET_NAME = SmartAmbulance;
			};
			name = Release;
		};
/* End XCBuildConfiguration section */

/* Begin XCConfigurationList section */
		1872640C213D40B000BD7BBE /* Build configuration list for PBXProject "SmartAmbulance" */ = {
			isa = XCConfigurationList;
			buildConfigurations = (
				1872643A213D40B100BD7BBE /* Debug */,
				1872643B213D40B100BD7BBE /* Release */,
			);
			defaultConfigurationIsVisible = 0;
			defaultConfigurationName = Release;
		};
		1872643C213D40B100BD7BBE /* Build configuration list for PBXNativeTarget "SmartAmbulance" */ = {
			isa = XCConfigurationList;
			buildConfigurations = (
				1872643D213D40B100BD7BBE /* Debug */,
				1872643E213D40B100BD7BBE /* Release */,
			);
			defaultConfigurationIsVisible = 0;
			defaultConfigurationName = Release;
		};
		1872643F213D40B100BD7BBE /* Build configuration list for PBXNativeTarget "SmartAmbulanceTests" */ = {
			isa = XCConfigurationList;
			buildConfigurations = (
				18726440213D40B100BD7BBE /* Debug */,
				18726441213D40B100BD7BBE /* Release */,
			);
			defaultConfigurationIsVisible = 0;
			defaultConfigurationName = Release;
		};
		18726442213D40B100BD7BBE /* Build configuration list for PBXNativeTarget "SmartAmbulanceUITests" */ = {
			isa = XCConfigurationList;
			buildConfigurations = (
				18726443213D40B100BD7BBE /* Debug */,
				18726444213D40B100BD7BBE /* Release */,
			);
			defaultConfigurationIsVisible = 0;
			defaultConfigurationName = Release;
		};
/* End XCConfigurationList section */

/* Begin XCVersionGroup section */
		1872641B213D40B000BD7BBE /* SmartAmbulance.xcdatamodeld */ = {
			isa = XCVersionGroup;
			children = (
				1872641C213D40B000BD7BBE /* SmartAmbulance.xcdatamodel */,
			);
			currentVersion = 1872641C213D40B000BD7BBE /* SmartAmbulance.xcdatamodel */;
			path = SmartAmbulance.xcdatamodeld;
			sourceTree = "<group>";
			versionGroupType = wrapper.xcdatamodel;
		};
/* End XCVersionGroup section */
	};
	rootObject = 18726409213D40B000BD7BBE /* Project object */;
}
